
Microsoft Visual Studio Solution File, Format Version 12.00
# Visual Studio Version 17
VisualStudioVersion = 17.3.32922.545
MinimumVisualStudioVersion = 10.0.40219.1
Project("{9A19103F-16F7-4668-BE54-9A1E7A4F7556}") = "ExternalApiFunction", "ExternalApiFunction\ExternalApiFunction.csproj", "{E494A31F-4770-46FE-A486-A72438D06CD3}"
EndProject
Project("{2150E333-8FDC-42A3-9474-1A3956D46DE8}") = "PublicApi", "PublicApi", "{6594C6A6-109F-4ABB-90C7-901BB35B563B}"
EndProject
Global
	GlobalSection(SolutionConfigurationPlatforms) = preSolution
		Debug|Any CPU = Debug|Any CPU
		Release|Any CPU = Release|Any CPU
	EndGlobalSection
	GlobalSection(ProjectConfigurationPlatforms) = postSolution
		{E494A31F-4770-46FE-A486-A72438D06CD3}.Debug|Any CPU.ActiveCfg = Debug|Any CPU
		{E494A31F-4770-46FE-A486-A72438D06CD3}.Debug|Any CPU.Build.0 = Debug|Any CPU
		{E494A31F-4770-46FE-A486-A72438D06CD3}.Release|Any CPU.ActiveCfg = Release|Any CPU
		{E494A31F-4770-46FE-A486-A72438D06CD3}.Release|Any CPU.Build.0 = Release|Any CPU
	EndGlobalSection
	GlobalSection(SolutionProperties) = preSolution
		HideSolutionNode = FALSE
	EndGlobalSection
	GlobalSection(NestedProjects) = preSolution
		{E494A31F-4770-46FE-A486-A72438D06CD3} = {6594C6A6-109F-4ABB-90C7-901BB35B563B}
	EndGlobalSection
	GlobalSection(ExtensibilityGlobals) = postSolution
		SolutionGuid = {63060BC1-A0AD-4EC4-BE30-A5E4CA150765}
	EndGlobalSection
EndGlobal
